{
  "name": "fae-gen",
  "version": "1.0.0",
  "lockfileVersion": 1,
  "requires": true,
  "dependencies": {
    "esm": {
      "version": "3.2.25",
      "resolved": "https://registry.npmjs.org/esm/-/esm-3.2.25.tgz",
      "integrity": "sha512-U1suiZ2oDVWv4zPO56S0NcR5QriEahGtdN2OR6FiOG4WJvcjBVFB0qI4+eKoWFH483PKGuLuu6V8Z4T5g63UVA=="
    },
    "tracery-grammar": {
      "version": "2.7.4",
      "resolved": "https://registry.npmjs.org/tracery-grammar/-/tracery-grammar-2.7.4.tgz",
      "integrity": "sha512-oFSEconWOSh73kYSkqU137OYa/7+UCohel6wEFHgNh2ito9lDmitz5xr9IU0OIrxjo7UPSdFMzgKAp1c/lsi6A=="
    }
  }
}
